{
  "name": "BadCaseDoctor",
  "lockfileVersion": 3,
  "requires": true,
  "packages": {
    "": {
      "dependencies": {
        "ant-design-vue": "^4.2.6",
        "autoprefixer": "^10.4.21",
        "postcss": "^8.5.6",
        "tailwindcss": "^4.1.11"
      }
    },
    "node_modules/@ant-design/colors": {
      "version": "6.0.0",
      "resolved": "https://registry.npmmirror.com/@ant-design/colors/-/colors-6.0.0.tgz",
      "integrity": "sha512-qAZRvPzfdWHtfameEGP2Qvuf838NhergR35o+EuVyB5XvSA98xod5r4utvi4TJ3ywmevm290g9nsCG5MryrdWQ==",
      "license": "MIT",
      "dependencies": {
        "@ctrl/tinycolor": "^3.4.0"
      }
    },
    "node_modules/@ant-design/icons-svg": {
      "version": "4.4.2",
      "resolved": "https://registry.npmmirror.com/@ant-design/icons-svg/-/icons-svg-4.4.2.tgz",
      "integrity": "sha512-vHbT+zJEVzllwP+CM+ul7reTEfBR0vgxFe7+lREAsAA7YGsYpboiq2sQNeQeRvh09GfQgs/GyFEvZpJ9cLXpXA==",
      "license": "MIT"
    },
    "node_modules/@ant-design/icons-vue": {
      "version": "7.0.1",
      "resolved": "https://registry.npmmirror.com/@ant-design/icons-vue/-/icons-vue-7.0.1.tgz",
      "integrity": "sha512-eCqY2unfZK6Fe02AwFlDHLfoyEFreP6rBwAZMIJ1LugmfMiVgwWDYlp1YsRugaPtICYOabV1iWxXdP12u9U43Q==",
      "license": "MIT",
      "dependencies": {
        "@ant-design/colors": "^6.0.0",
        "@ant-design/icons-svg": "^4.2.1"
      },
      "peerDependencies": {
        "vue": ">=3.0.3"
      }
    },
    "node_modules/@babel/helper-string-parser": {
      "version": "7.27.1",
      "resolved": "https://registry.npmmirror.com/@babel/helper-string-parser/-/helper-string-parser-7.27.1.tgz",
      "integrity": "sha512-qMlSxKbpRlAridDExk92nSobyDdpPijUq2DW6oDnUqd0iOGxmQjyqhMIihI9+zv4LPyZdRje2cavWPbCbWm3eA==",
      "license": "MIT",
      "peer": true,
      "engines": {
        "node": ">=6.9.0"
      }
    },
    "node_modules/@babel/helper-validator-identifier": {
      "version": "7.27.1",
      "resolved": "https://registry.npmmirror.com/@babel/helper-validator-identifier/-/helper-validator-identifier-7.27.1.tgz",
      "integrity": "sha512-D2hP9eA+Sqx1kBZgzxZh0y1trbuU+JoDkiEwqhQ36nodYqJwyEIhPSdMNd7lOm/4io72luTPWH20Yda0xOuUow==",
      "license": "MIT",
      "peer": true,
      "engines": {
        "node": ">=6.9.0"
      }
    },
    "node_modules/@babel/parser": {
      "version": "7.28.0",
      "resolved": "https://registry.npmmirror.com/@babel/parser/-/parser-7.28.0.tgz",
      "integrity": "sha512-jVZGvOxOuNSsuQuLRTh13nU0AogFlw32w/MT+LV6D3sP5WdbW61E77RnkbaO2dUvmPAYrBDJXGn5gGS6tH4j8g==",
      "license": "MIT",
      "peer": true,
      "dependencies": {
        "@babel/types": "^7.28.0"
      },
      "bin": {
        "parser": "bin/babel-parser.js"
      },
      "engines": {
        "node": ">=6.0.0"
      }
    },
    "node_modules/@babel/runtime": {
      "version": "7.28.2",
      "resolved": "https://registry.npmmirror.com/@babel/runtime/-/runtime-7.28.2.tgz",
      "integrity": "sha512-KHp2IflsnGywDjBWDkR9iEqiWSpc8GIi0lgTT3mOElT0PP1tG26P4tmFI2YvAdzgq9RGyoHZQEIEdZy6Ec5xCA==",
      "license": "MIT",
      "engines": {
        "node": ">=6.9.0"
      }
    },
    "node_modules/@babel/types": {
      "version": "7.28.2",
      "resolved": "https://registry.npmmirror.com/@babel/types/-/types-7.28.2.tgz",
      "integrity": "sha512-ruv7Ae4J5dUYULmeXw1gmb7rYRz57OWCPM57pHojnLq/3Z1CK2lNSLTCVjxVk1F/TZHwOZZrOWi0ur95BbLxNQ==",
      "license": "MIT",
      "peer": true,
      "dependencies": {
        "@babel/helper-string-parser": "^7.27.1",
        "@babel/helper-validator-identifier": "^7.27.1"
      },
      "engines": {
        "node": ">=6.9.0"
      }
    },
    "node_modules/@ctrl/tinycolor": {
      "version": "3.6.1",
      "resolved": "https://registry.npmmirror.com/@ctrl/tinycolor/-/tinycolor-3.6.1.tgz",
      "integrity": "sha512-SITSV6aIXsuVNV3f3O0f2n/cgyEDWoSqtZMYiAmcsYHydcKrOz3gUxB/iXd/Qf08+IZX4KpgNbvUdMBmWz+kcA==",
      "license": "MIT",
      "engines": {
        "node": ">=10"
      }
    },
    "node_modules/@emotion/hash": {
      "version": "0.9.2",
      "resolved": "https://registry.npmmirror.com/@emotion/hash/-/hash-0.9.2.tgz",
      "integrity": "sha512-MyqliTZGuOm3+5ZRSaaBGP3USLw6+EGykkwZns2EPC5g8jJ4z9OrdZY9apkl3+UP9+sdz76YYkwCKP5gh8iY3g==",
      "license": "MIT"
    },
    "node_modules/@emotion/unitless": {
      "version": "0.8.1",
      "resolved": "https://registry.npmmirror.com/@emotion/unitless/-/unitless-0.8.1.tgz",
      "integrity": "sha512-KOEGMu6dmJZtpadb476IsZBclKvILjopjUii3V+7MnXIQCYh8W3NgNcgwo21n9LXZX6EDIKvqfjYxXebDwxKmQ==",
      "license": "MIT"
    },
    "node_modules/@jridgewell/sourcemap-codec": {
      "version": "1.5.4",
      "resolved": "https://registry.npmmirror.com/@jridgewell/sourcemap-codec/-/sourcemap-codec-1.5.4.tgz",
      "integrity": "sha512-VT2+G1VQs/9oz078bLrYbecdZKs912zQlkelYpuf+SXF+QvZDYJlbx/LSx+meSAwdDFnF8FVXW92AVjjkVmgFw==",
      "license": "MIT",
      "peer": true
    },
    "node_modules/@simonwep/pickr": {
      "version": "1.8.2",
      "resolved": "https://registry.npmmirror.com/@simonwep/pickr/-/pickr-1.8.2.tgz",
      "integrity": "sha512-/l5w8BIkrpP6n1xsetx9MWPWlU6OblN5YgZZphxan0Tq4BByTCETL6lyIeY8lagalS2Nbt4F2W034KHLIiunKA==",
      "license": "MIT",
      "dependencies": {
        "core-js": "^3.15.1",
        "nanopop": "^2.1.0"
      }
    },
    "node_modules/@vue/compiler-core": {
      "version": "3.5.18",
      "resolved": "https://registry.npmmirror.com/@vue/compiler-core/-/compiler-core-3.5.18.tgz",
      "integrity": "sha512-3slwjQrrV1TO8MoXgy3aynDQ7lslj5UqDxuHnrzHtpON5CBinhWjJETciPngpin/T3OuW3tXUf86tEurusnztw==",
      "license": "MIT",
      "peer": true,
      "dependencies": {
        "@babel/parser": "^7.28.0",
        "@vue/shared": "3.5.18",
        "entities": "^4.5.0",
        "estree-walker": "^2.0.2",
        "source-map-js": "^1.2.1"
      }
    },
    "node_modules/@vue/compiler-dom": {
      "version": "3.5.18",
      "resolved": "https://registry.npmmirror.com/@vue/compiler-dom/-/compiler-dom-3.5.18.tgz",
      "integrity": "sha512-RMbU6NTU70++B1JyVJbNbeFkK+A+Q7y9XKE2EM4NLGm2WFR8x9MbAtWxPPLdm0wUkuZv9trpwfSlL6tjdIa1+A==",
      "license": "MIT",
      "peer": true,
      "dependencies": {
        "@vue/compiler-core": "3.5.18",
        "@vue/shared": "3.5.18"
      }
    },
    "node_modules/@vue/compiler-sfc": {
      "version": "3.5.18",
      "resolved": "https://registry.npmmirror.com/@vue/compiler-sfc/-/compiler-sfc-3.5.18.tgz",
      "integrity": "sha512-5aBjvGqsWs+MoxswZPoTB9nSDb3dhd1x30xrrltKujlCxo48j8HGDNj3QPhF4VIS0VQDUrA1xUfp2hEa+FNyXA==",
      "license": "MIT",
      "peer": true,
      "dependencies": {
        "@babel/parser": "^7.28.0",
        "@vue/compiler-core": "3.5.18",
        "@vue/compiler-dom": "3.5.18",
        "@vue/compiler-ssr": "3.5.18",
        "@vue/shared": "3.5.18",
        "estree-walker": "^2.0.2",
        "magic-string": "^0.30.17",
        "postcss": "^8.5.6",
        "source-map-js": "^1.2.1"
      }
    },
    "node_modules/@vue/compiler-ssr": {
      "version": "3.5.18",
      "resolved": "https://registry.npmmirror.com/@vue/compiler-ssr/-/compiler-ssr-3.5.18.tgz",
      "integrity": "sha512-xM16Ak7rSWHkM3m22NlmcdIM+K4BMyFARAfV9hYFl+SFuRzrZ3uGMNW05kA5pmeMa0X9X963Kgou7ufdbpOP9g==",
      "license": "MIT",
      "peer": true,
      "dependencies": {
        "@vue/compiler-dom": "3.5.18",
        "@vue/shared": "3.5.18"
      }
    },
    "node_modules/@vue/reactivity": {
      "version": "3.5.18",
      "resolved": "https://registry.npmmirror.com/@vue/reactivity/-/reactivity-3.5.18.tgz",
      "integrity": "sha512-x0vPO5Imw+3sChLM5Y+B6G1zPjwdOri9e8V21NnTnlEvkxatHEH5B5KEAJcjuzQ7BsjGrKtfzuQ5eQwXh8HXBg==",
      "license": "MIT",
      "peer": true,
      "dependencies": {
        "@vue/shared": "3.5.18"
      }
    },
    "node_modules/@vue/runtime-core": {
      "version": "3.5.18",
      "resolved": "https://registry.npmmirror.com/@vue/runtime-core/-/runtime-core-3.5.18.tgz",
      "integrity": "sha512-DUpHa1HpeOQEt6+3nheUfqVXRog2kivkXHUhoqJiKR33SO4x+a5uNOMkV487WPerQkL0vUuRvq/7JhRgLW3S+w==",
      "license": "MIT",
      "peer": true,
      "dependencies": {
        "@vue/reactivity": "3.5.18",
        "@vue/shared": "3.5.18"
      }
    },
    "node_modules/@vue/runtime-dom": {
      "version": "3.5.18",
      "resolved": "https://registry.npmmirror.com/@vue/runtime-dom/-/runtime-dom-3.5.18.tgz",
      "integrity": "sha512-YwDj71iV05j4RnzZnZtGaXwPoUWeRsqinblgVJwR8XTXYZ9D5PbahHQgsbmzUvCWNF6x7siQ89HgnX5eWkr3mw==",
      "license": "MIT",
      "peer": true,
      "dependencies": {
        "@vue/reactivity": "3.5.18",
        "@vue/runtime-core": "3.5.18",
        "@vue/shared": "3.5.18",
        "csstype": "^3.1.3"
      }
    },
    "node_modules/@vue/server-renderer": {
      "version": "3.5.18",
      "resolved": "https://registry.npmmirror.com/@vue/server-renderer/-/server-renderer-3.5.18.tgz",
      "integrity": "sha512-PvIHLUoWgSbDG7zLHqSqaCoZvHi6NNmfVFOqO+OnwvqMz/tqQr3FuGWS8ufluNddk7ZLBJYMrjcw1c6XzR12mA==",
      "license": "MIT",
      "peer": true,
      "dependencies": {
        "@vue/compiler-ssr": "3.5.18",
        "@vue/shared": "3.5.18"
      },
      "peerDependencies": {
        "vue": "3.5.18"
      }
    },
    "node_modules/@vue/shared": {
      "version": "3.5.18",
      "resolved": "https://registry.npmmirror.com/@vue/shared/-/shared-3.5.18.tgz",
      "integrity": "sha512-cZy8Dq+uuIXbxCZpuLd2GJdeSO/lIzIspC2WtkqIpje5QyFbvLaI5wZtdUjLHjGZrlVX6GilejatWwVYYRc8tA==",
      "license": "MIT",
      "peer": true
    },
    "node_modules/ant-design-vue": {
      "version": "4.2.6",
      "resolved": "https://registry.npmmirror.com/ant-design-vue/-/ant-design-vue-4.2.6.tgz",
      "integrity": "sha512-t7eX13Yj3i9+i5g9lqFyYneoIb3OzTvQjq9Tts1i+eiOd3Eva/6GagxBSXM1fOCjqemIu0FYVE1ByZ/38epR3Q==",
      "license": "MIT",
      "dependencies": {
        "@ant-design/colors": "^6.0.0",
        "@ant-design/icons-vue": "^7.0.0",
        "@babel/runtime": "^7.10.5",
        "@ctrl/tinycolor": "^3.5.0",
        "@emotion/hash": "^0.9.0",
        "@emotion/unitless": "^0.8.0",
        "@simonwep/pickr": "~1.8.0",
        "array-tree-filter": "^2.1.0",
        "async-validator": "^4.0.0",
        "csstype": "^3.1.1",
        "dayjs": "^1.10.5",
        "dom-align": "^1.12.1",
        "dom-scroll-into-view": "^2.0.0",
        "lodash": "^4.17.21",
        "lodash-es": "^4.17.15",
        "resize-observer-polyfill": "^1.5.1",
        "scroll-into-view-if-needed": "^2.2.25",
        "shallow-equal": "^1.0.0",
        "stylis": "^4.1.3",
        "throttle-debounce": "^5.0.0",
        "vue-types": "^3.0.0",
        "warning": "^4.0.0"
      },
      "engines": {
        "node": ">=12.22.0"
      },
      "funding": {
        "type": "opencollective",
        "url": "https://opencollective.com/ant-design-vue"
      },
      "peerDependencies": {
        "vue": ">=3.2.0"
      }
    },
    "node_modules/array-tree-filter": {
      "version": "2.1.0",
      "resolved": "https://registry.npmmirror.com/array-tree-filter/-/array-tree-filter-2.1.0.tgz",
      "integrity": "sha512-4ROwICNlNw/Hqa9v+rk5h22KjmzB1JGTMVKP2AKJBOCgb0yL0ASf0+YvCcLNNwquOHNX48jkeZIJ3a+oOQqKcw==",
      "license": "MIT"
    },
    "node_modules/async-validator": {
      "version": "4.2.5",
      "resolved": "https://registry.npmmirror.com/async-validator/-/async-validator-4.2.5.tgz",
      "integrity": "sha512-7HhHjtERjqlNbZtqNqy2rckN/SpOOlmDliet+lP7k+eKZEjPk3DgyeU9lIXLdeLz0uBbbVp+9Qdow9wJWgwwfg==",
      "license": "MIT"
    },
    "node_modules/autoprefixer": {
      "version": "10.4.21",
      "resolved": "https://registry.npmmirror.com/autoprefixer/-/autoprefixer-10.4.21.tgz",
      "integrity": "sha512-O+A6LWV5LDHSJD3LjHYoNi4VLsj/Whi7k6zG12xTYaU4cQ8oxQGckXNX8cRHK5yOZ/ppVHe0ZBXGzSV9jXdVbQ==",
      "funding": [
        {
          "type": "opencollective",
          "url": "https://opencollective.com/postcss/"
        },
        {
          "type": "tidelift",
          "url": "https://tidelift.com/funding/github/npm/autoprefixer"
        },
        {
          "type": "github",
          "url": "https://github.com/sponsors/ai"
        }
      ],
      "license": "MIT",
      "dependencies": {
        "browserslist": "^4.24.4",
        "caniuse-lite": "^1.0.30001702",
        "fraction.js": "^4.3.7",
        "normalize-range": "^0.1.2",
        "picocolors": "^1.1.1",
        "postcss-value-parser": "^4.2.0"
      },
      "bin": {
        "autoprefixer": "bin/autoprefixer"
      },
      "engines": {
        "node": "^10 || ^12 || >=14"
      },
      "peerDependencies": {
        "postcss": "^8.1.0"
      }
    },
    "node_modules/browserslist": {
      "version": "4.25.1",
      "resolved": "https://registry.npmmirror.com/browserslist/-/browserslist-4.25.1.tgz",
      "integrity": "sha512-KGj0KoOMXLpSNkkEI6Z6mShmQy0bc1I+T7K9N81k4WWMrfz+6fQ6es80B/YLAeRoKvjYE1YSHHOW1qe9xIVzHw==",
      "funding": [
        {
          "type": "opencollective",
          "url": "https://opencollective.com/browserslist"
        },
        {
          "type": "tidelift",
          "url": "https://tidelift.com/funding/github/npm/browserslist"
        },
        {
          "type": "github",
          "url": "https://github.com/sponsors/ai"
        }
      ],
      "license": "MIT",
      "dependencies": {
        "caniuse-lite": "^1.0.30001726",
        "electron-to-chromium": "^1.5.173",
        "node-releases": "^2.0.19",
        "update-browserslist-db": "^1.1.3"
      },
      "bin": {
        "browserslist": "cli.js"
      },
      "engines": {
        "node": "^6 || ^7 || ^8 || ^9 || ^10 || ^11 || ^12 || >=13.7"
      }
    },
    "node_modules/caniuse-lite": {
      "version": "1.0.30001727",
      "resolved": "https://registry.npmmirror.com/caniuse-lite/-/caniuse-lite-1.0.30001727.tgz",
      "integrity": "sha512-pB68nIHmbN6L/4C6MH1DokyR3bYqFwjaSs/sWDHGj4CTcFtQUQMuJftVwWkXq7mNWOybD3KhUv3oWHoGxgP14Q==",
      "funding": [
        {
          "type": "opencollective",
          "url": "https://opencollective.com/browserslist"
        },
        {
          "type": "tidelift",
          "url": "https://tidelift.com/funding/github/npm/caniuse-lite"
        },
        {
          "type": "github",
          "url": "https://github.com/sponsors/ai"
        }
      ],
      "license": "CC-BY-4.0"
    },
    "node_modules/compute-scroll-into-view": {
      "version": "1.0.20",
      "resolved": "https://registry.npmmirror.com/compute-scroll-into-view/-/compute-scroll-into-view-1.0.20.tgz",
      "integrity": "sha512-UCB0ioiyj8CRjtrvaceBLqqhZCVP+1B8+NWQhmdsm0VXOJtobBCf1dBQmebCCo34qZmUwZfIH2MZLqNHazrfjg==",
      "license": "MIT"
    },
    "node_modules/core-js": {
      "version": "3.44.0",
      "resolved": "https://registry.npmmirror.com/core-js/-/core-js-3.44.0.tgz",
      "integrity": "sha512-aFCtd4l6GvAXwVEh3XbbVqJGHDJt0OZRa+5ePGx3LLwi12WfexqQxcsohb2wgsa/92xtl19Hd66G/L+TaAxDMw==",
      "hasInstallScript": true,
      "license": "MIT",
      "funding": {
        "type": "opencollective",
        "url": "https://opencollective.com/core-js"
      }
    },
    "node_modules/csstype": {
      "version": "3.1.3",
      "resolved": "https://registry.npmmirror.com/csstype/-/csstype-3.1.3.tgz",
      "integrity": "sha512-M1uQkMl8rQK/szD0LNhtqxIPLpimGm8sOBwU7lLnCpSbTyY3yeU1Vc7l4KT5zT4s/yOxHH5O7tIuuLOCnLADRw==",
      "license": "MIT"
    },
    "node_modules/dayjs": {
      "version": "1.11.13",
      "resolved": "https://registry.npmmirror.com/dayjs/-/dayjs-1.11.13.tgz",
      "integrity": "sha512-oaMBel6gjolK862uaPQOVTA7q3TZhuSvuMQAAglQDOWYO9A91IrAOUJEyKVlqJlHE0vq5p5UXxzdPfMH/x6xNg==",
      "license": "MIT"
    },
    "node_modules/dom-align": {
      "version": "1.12.4",
      "resolved": "https://registry.npmmirror.com/dom-align/-/dom-align-1.12.4.tgz",
      "integrity": "sha512-R8LUSEay/68zE5c8/3BDxiTEvgb4xZTF0RKmAHfiEVN3klfIpXfi2/QCoiWPccVQ0J/ZGdz9OjzL4uJEP/MRAw==",
      "license": "MIT"
    },
    "node_modules/dom-scroll-into-view": {
      "version": "2.0.1",
      "resolved": "https://registry.npmmirror.com/dom-scroll-into-view/-/dom-scroll-into-view-2.0.1.tgz",
      "integrity": "sha512-bvVTQe1lfaUr1oFzZX80ce9KLDlZ3iU+XGNE/bz9HnGdklTieqsbmsLHe+rT2XWqopvL0PckkYqN7ksmm5pe3w==",
      "license": "MIT"
    },
    "node_modules/electron-to-chromium": {
      "version": "1.5.190",
      "resolved": "https://registry.npmmirror.com/electron-to-chromium/-/electron-to-chromium-1.5.190.tgz",
      "integrity": "sha512-k4McmnB2091YIsdCgkS0fMVMPOJgxl93ltFzaryXqwip1AaxeDqKCGLxkXODDA5Ab/D+tV5EL5+aTx76RvLRxw==",
      "license": "ISC"
    },
    "node_modules/entities": {
      "version": "4.5.0",
      "resolved": "https://registry.npmmirror.com/entities/-/entities-4.5.0.tgz",
      "integrity": "sha512-V0hjH4dGPh9Ao5p0MoRY6BVqtwCjhz6vI5LT8AJ55H+4g9/4vbHx1I54fS0XuclLhDHArPQCiMjDxjaL8fPxhw==",
      "license": "BSD-2-Clause",
      "peer": true,
      "engines": {
        "node": ">=0.12"
      },
      "funding": {
        "url": "https://github.com/fb55/entities?sponsor=1"
      }
    },
    "node_modules/escalade": {
      "version": "3.2.0",
      "resolved": "https://registry.npmmirror.com/escalade/-/escalade-3.2.0.tgz",
      "integrity": "sha512-WUj2qlxaQtO4g6Pq5c29GTcWGDyd8itL8zTlipgECz3JesAiiOKotd8JU6otB3PACgG6xkJUyVhboMS+bje/jA==",
      "license": "MIT",
      "engines": {
        "node": ">=6"
      }
    },
    "node_modules/estree-walker": {
      "version": "2.0.2",
      "resolved": "https://registry.npmmirror.com/estree-walker/-/estree-walker-2.0.2.tgz",
      "integrity": "sha512-Rfkk/Mp/DL7JVje3u18FxFujQlTNR2q6QfMSMB7AvCBx91NGj/ba3kCfza0f6dVDbw7YlRf/nDrn7pQrCCyQ/w==",
      "license": "MIT",
      "peer": true
    },
    "node_modules/fraction.js": {
      "version": "4.3.7",
      "resolved": "https://registry.npmmirror.com/fraction.js/-/fraction.js-4.3.7.tgz",
      "integrity": "sha512-ZsDfxO51wGAXREY55a7la9LScWpwv9RxIrYABrlvOFBlH/ShPnrtsXeuUIfXKKOVicNxQ+o8JTbJvjS4M89yew==",
      "license": "MIT",
      "engines": {
        "node": "*"
      },
      "funding": {
        "type": "patreon",
        "url": "https://github.com/sponsors/rawify"
      }
    },
    "node_modules/is-plain-object": {
      "version": "3.0.1",
      "resolved": "https://registry.npmmirror.com/is-plain-object/-/is-plain-object-3.0.1.tgz",
      "integrity": "sha512-Xnpx182SBMrr/aBik8y+GuR4U1L9FqMSojwDQwPMmxyC6bvEqly9UBCxhauBF5vNh2gwWJNX6oDV7O+OM4z34g==",
      "license": "MIT",
      "engines": {
        "node": ">=0.10.0"
      }
    },
    "node_modules/js-tokens": {
      "version": "4.0.0",
      "resolved": "https://registry.npmmirror.com/js-tokens/-/js-tokens-4.0.0.tgz",
      "integrity": "sha512-RdJUflcE3cUzKiMqQgsCu06FPu9UdIJO0beYbPhHN4k6apgJtifcoCtT9bcxOpYBtpD2kCM6Sbzg4CausW/PKQ==",
      "license": "MIT"
    },
    "node_modules/lodash": {
      "version": "4.17.21",
      "resolved": "https://registry.npmmirror.com/lodash/-/lodash-4.17.21.tgz",
      "integrity": "sha512-v2kDEe57lecTulaDIuNTPy3Ry4gLGJ6Z1O3vE1krgXZNrsQ+LFTGHVxVjcXPs17LhbZVGedAJv8XZ1tvj5FvSg==",
      "license": "MIT"
    },
    "node_modules/lodash-es": {
      "version": "4.17.21",
      "resolved": "https://registry.npmmirror.com/lodash-es/-/lodash-es-4.17.21.tgz",
      "integrity": "sha512-mKnC+QJ9pWVzv+C4/U3rRsHapFfHvQFoFB92e52xeyGMcX6/OlIl78je1u8vePzYZSkkogMPJ2yjxxsb89cxyw==",
      "license": "MIT"
    },
    "node_modules/loose-envify": {
      "version": "1.4.0",
      "resolved": "https://registry.npmmirror.com/loose-envify/-/loose-envify-1.4.0.tgz",
      "integrity": "sha512-lyuxPGr/Wfhrlem2CL/UcnUc1zcqKAImBDzukY7Y5F/yQiNdko6+fRLevlw1HgMySw7f611UIY408EtxRSoK3Q==",
      "license": "MIT",
      "dependencies": {
        "js-tokens": "^3.0.0 || ^4.0.0"
      },
      "bin": {
        "loose-envify": "cli.js"
      }
    },
    "node_modules/magic-string": {
      "version": "0.30.17",
      "resolved": "https://registry.npmmirror.com/magic-string/-/magic-string-0.30.17.tgz",
      "integrity": "sha512-sNPKHvyjVf7gyjwS4xGTaW/mCnF8wnjtifKBEhxfZ7E/S8tQ0rssrwGNn6q8JH/ohItJfSQp9mBtQYuTlH5QnA==",
      "license": "MIT",
      "peer": true,
      "dependencies": {
        "@jridgewell/sourcemap-codec": "^1.5.0"
      }
    },
    "node_modules/nanoid": {
      "version": "3.3.11",
      "resolved": "https://registry.npmmirror.com/nanoid/-/nanoid-3.3.11.tgz",
      "integrity": "sha512-N8SpfPUnUp1bK+PMYW8qSWdl9U+wwNWI4QKxOYDy9JAro3WMX7p2OeVRF9v+347pnakNevPmiHhNmZ2HbFA76w==",
      "funding": [
        {
          "type": "github",
          "url": "https://github.com/sponsors/ai"
        }
      ],
      "license": "MIT",
      "bin": {
        "nanoid": "bin/nanoid.cjs"
      },
      "engines": {
        "node": "^10 || ^12 || ^13.7 || ^14 || >=15.0.1"
      }
    },
    "node_modules/nanopop": {
      "version": "2.4.2",
      "resolved": "https://registry.npmmirror.com/nanopop/-/nanopop-2.4.2.tgz",
      "integrity": "sha512-NzOgmMQ+elxxHeIha+OG/Pv3Oc3p4RU2aBhwWwAqDpXrdTbtRylbRLQztLy8dMMwfl6pclznBdfUhccEn9ZIzw==",
      "license": "MIT"
    },
    "node_modules/node-releases": {
      "version": "2.0.19",
      "resolved": "https://registry.npmmirror.com/node-releases/-/node-releases-2.0.19.tgz",
      "integrity": "sha512-xxOWJsBKtzAq7DY0J+DTzuz58K8e7sJbdgwkbMWQe8UYB6ekmsQ45q0M/tJDsGaZmbC+l7n57UV8Hl5tHxO9uw==",
      "license": "MIT"
    },
    "node_modules/normalize-range": {
      "version": "0.1.2",
      "resolved": "https://registry.npmmirror.com/normalize-range/-/normalize-range-0.1.2.tgz",
      "integrity": "sha512-bdok/XvKII3nUpklnV6P2hxtMNrCboOjAcyBuQnWEhO665FwrSNRxU+AqpsyvO6LgGYPspN+lu5CLtw4jPRKNA==",
      "license": "MIT",
      "engines": {
        "node": ">=0.10.0"
      }
    },
    "node_modules/picocolors": {
      "version": "1.1.1",
      "resolved": "https://registry.npmmirror.com/picocolors/-/picocolors-1.1.1.tgz",
      "integrity": "sha512-xceH2snhtb5M9liqDsmEw56le376mTZkEX/jEb/RxNFyegNul7eNslCXP9FDj/Lcu0X8KEyMceP2ntpaHrDEVA==",
      "license": "ISC"
    },
    "node_modules/postcss": {
      "version": "8.5.6",
      "resolved": "https://registry.npmmirror.com/postcss/-/postcss-8.5.6.tgz",
      "integrity": "sha512-3Ybi1tAuwAP9s0r1UQ2J4n5Y0G05bJkpUIO0/bI9MhwmD70S5aTWbXGBwxHrelT+XM1k6dM0pk+SwNkpTRN7Pg==",
      "funding": [
        {
          "type": "opencollective",
          "url": "https://opencollective.com/postcss/"
        },
        {
          "type": "tidelift",
          "url": "https://tidelift.com/funding/github/npm/postcss"
        },
        {
          "type": "github",
          "url": "https://github.com/sponsors/ai"
        }
      ],
      "license": "MIT",
      "dependencies": {
        "nanoid": "^3.3.11",
        "picocolors": "^1.1.1",
        "source-map-js": "^1.2.1"
      },
      "engines": {
        "node": "^10 || ^12 || >=14"
      }
    },
    "node_modules/postcss-value-parser": {
      "version": "4.2.0",
      "resolved": "https://registry.npmmirror.com/postcss-value-parser/-/postcss-value-parser-4.2.0.tgz",
      "integrity": "sha512-1NNCs6uurfkVbeXG4S8JFT9t19m45ICnif8zWLd5oPSZ50QnwMfK+H3jv408d4jw/7Bttv5axS5IiHoLaVNHeQ==",
      "license": "MIT"
    },
    "node_modules/resize-observer-polyfill": {
      "version": "1.5.1",
      "resolved": "https://registry.npmmirror.com/resize-observer-polyfill/-/resize-observer-polyfill-1.5.1.tgz",
      "integrity": "sha512-LwZrotdHOo12nQuZlHEmtuXdqGoOD0OhaxopaNFxWzInpEgaLWoVuAMbTzixuosCx2nEG58ngzW3vxdWoxIgdg==",
      "license": "MIT"
    },
    "node_modules/scroll-into-view-if-needed": {
      "version": "2.2.31",
      "resolved": "https://registry.npmmirror.com/scroll-into-view-if-needed/-/scroll-into-view-if-needed-2.2.31.tgz",
      "integrity": "sha512-dGCXy99wZQivjmjIqihaBQNjryrz5rueJY7eHfTdyWEiR4ttYpsajb14rn9s5d4DY4EcY6+4+U/maARBXJedkA==",
      "license": "MIT",
      "dependencies": {
        "compute-scroll-into-view": "^1.0.20"
      }
    },
    "node_modules/shallow-equal": {
      "version": "1.2.1",
      "resolved": "https://registry.npmmirror.com/shallow-equal/-/shallow-equal-1.2.1.tgz",
      "integrity": "sha512-S4vJDjHHMBaiZuT9NPb616CSmLf618jawtv3sufLl6ivK8WocjAo58cXwbRV1cgqxH0Qbv+iUt6m05eqEa2IRA==",
      "license": "MIT"
    },
    "node_modules/source-map-js": {
      "version": "1.2.1",
      "resolved": "https://registry.npmmirror.com/source-map-js/-/source-map-js-1.2.1.tgz",
      "integrity": "sha512-UXWMKhLOwVKb728IUtQPXxfYU+usdybtUrK/8uGE8CQMvrhOpwvzDBwj0QhSL7MQc7vIsISBG8VQ8+IDQxpfQA==",
      "license": "BSD-3-Clause",
      "engines": {
        "node": ">=0.10.0"
      }
    },
    "node_modules/stylis": {
      "version": "4.3.6",
      "resolved": "https://registry.npmmirror.com/stylis/-/stylis-4.3.6.tgz",
      "integrity": "sha512-yQ3rwFWRfwNUY7H5vpU0wfdkNSnvnJinhF9830Swlaxl03zsOjCfmX0ugac+3LtK0lYSgwL/KXc8oYL3mG4YFQ==",
      "license": "MIT"
    },
    "node_modules/tailwindcss": {
      "version": "4.1.11",
      "resolved": "https://registry.npmmirror.com/tailwindcss/-/tailwindcss-4.1.11.tgz",
      "integrity": "sha512-2E9TBm6MDD/xKYe+dvJZAmg3yxIEDNRc0jwlNyDg/4Fil2QcSLjFKGVff0lAf1jjeaArlG/M75Ey/EYr/OJtBA==",
      "license": "MIT"
    },
    "node_modules/throttle-debounce": {
      "version": "5.0.2",
      "resolved": "https://registry.npmmirror.com/throttle-debounce/-/throttle-debounce-5.0.2.tgz",
      "integrity": "sha512-B71/4oyj61iNH0KeCamLuE2rmKuTO5byTOSVwECM5FA7TiAiAW+UqTKZ9ERueC4qvgSttUhdmq1mXC3kJqGX7A==",
      "license": "MIT",
      "engines": {
        "node": ">=12.22"
      }
    },
    "node_modules/update-browserslist-db": {
      "version": "1.1.3",
      "resolved": "https://registry.npmmirror.com/update-browserslist-db/-/update-browserslist-db-1.1.3.tgz",
      "integrity": "sha512-UxhIZQ+QInVdunkDAaiazvvT/+fXL5Osr0JZlJulepYu6Jd7qJtDZjlur0emRlT71EN3ScPoE7gvsuIKKNavKw==",
      "funding": [
        {
          "type": "opencollective",
          "url": "https://opencollective.com/browserslist"
        },
        {
          "type": "tidelift",
          "url": "https://tidelift.com/funding/github/npm/browserslist"
        },
        {
          "type": "github",
          "url": "https://github.com/sponsors/ai"
        }
      ],
      "license": "MIT",
      "dependencies": {
        "escalade": "^3.2.0",
        "picocolors": "^1.1.1"
      },
      "bin": {
        "update-browserslist-db": "cli.js"
      },
      "peerDependencies": {
        "browserslist": ">= 4.21.0"
      }
    },
    "node_modules/vue": {
      "version": "3.5.18",
      "resolved": "https://registry.npmmirror.com/vue/-/vue-3.5.18.tgz",
      "integrity": "sha512-7W4Y4ZbMiQ3SEo+m9lnoNpV9xG7QVMLa+/0RFwwiAVkeYoyGXqWE85jabU4pllJNUzqfLShJ5YLptewhCWUgNA==",
      "license": "MIT",
      "peer": true,
      "dependencies": {
        "@vue/compiler-dom": "3.5.18",
        "@vue/compiler-sfc": "3.5.18",
        "@vue/runtime-dom": "3.5.18",
        "@vue/server-renderer": "3.5.18",
        "@vue/shared": "3.5.18"
      },
      "peerDependencies": {
        "typescript": "*"
      },
      "peerDependenciesMeta": {
        "typescript": {
          "optional": true
        }
      }
    },
    "node_modules/vue-types": {
      "version": "3.0.2",
      "resolved": "https://registry.npmmirror.com/vue-types/-/vue-types-3.0.2.tgz",
      "integrity": "sha512-IwUC0Aq2zwaXqy74h4WCvFCUtoV0iSWr0snWnE9TnU18S66GAQyqQbRf2qfJtUuiFsBf6qp0MEwdonlwznlcrw==",
      "license": "MIT",
      "dependencies": {
        "is-plain-object": "3.0.1"
      },
      "engines": {
        "node": ">=10.15.0"
      },
      "peerDependencies": {
        "vue": "^3.0.0"
      }
    },
    "node_modules/warning": {
      "version": "4.0.3",
      "resolved": "https://registry.npmmirror.com/warning/-/warning-4.0.3.tgz",
      "integrity": "sha512-rpJyN222KWIvHJ/F53XSZv0Zl/accqHR8et1kpaMTD/fLCRxtV8iX8czMzY7sVZupTI3zcUTg8eycS2kNF9l6w==",
      "license": "MIT",
      "dependencies": {
        "loose-envify": "^1.0.0"
      }
    }
  }
}
